PODS:
  - FBAudienceNetwork (5.4.0):
    - FBSDKCoreKit/Basics
  - FBSDKCoreKit/Basics (5.2.3)
  - Firebase/Analytics (6.5.0):
    - Firebase/Core
  - Firebase/Core (6.5.0):
    - Firebase/CoreOnly
    - FirebaseAnalytics (= 6.0.4)
  - Firebase/CoreOnly (6.5.0):
    - FirebaseCore (= 6.1.0)
  - Firebase/RemoteConfig (6.5.0):
    - Firebase/CoreOnly
    - FirebaseRemoteConfig (~> 4.2.1)
  - FirebaseABTesting (3.0.0):
    - FirebaseCore (~> 6.0)
    - Protobuf (~> 3.5)
  - FirebaseAnalytics (6.0.4):
    - FirebaseCore (~> 6.1)
    - FirebaseInstanceID (~> 4.2)
    - GoogleAppMeasurement (= 6.0.4)
    - GoogleUtilities/AppDelegateSwizzler (~> 6.0)
    - GoogleUtilities/MethodSwizzler (~> 6.0)
    - GoogleUtilities/Network (~> 6.0)
    - "GoogleUtilities/NSData+zlib (~> 6.0)"
    - nanopb (~> 0.3)
  - FirebaseCore (6.1.0):
    - GoogleUtilities/Environment (~> 6.0)
    - GoogleUtilities/Logger (~> 6.0)
  - FirebaseInstanceID (4.2.2):
    - FirebaseCore (~> 6.0)
    - GoogleUtilities/Environment (~> 6.0)
    - GoogleUtilities/UserDefaults (~> 6.0)
  - FirebaseRemoteConfig (4.2.1):
    - FirebaseABTesting (~> 3.0)
    - FirebaseCore (~> 6.1)
    - FirebaseInstanceID (~> 4.2)
    - GoogleUtilities/Environment (~> 6.0)
    - "GoogleUtilities/NSData+zlib (~> 6.0)"
    - Protobuf (~> 3.5)
  - Google-Mobile-Ads-SDK (7.47.0):
    - GoogleAppMeasurement (~> 6.0)
  - GoogleAppMeasurement (6.0.4):
    - GoogleUtilities/AppDelegateSwizzler (~> 6.0)
    - GoogleUtilities/MethodSwizzler (~> 6.0)
    - GoogleUtilities/Network (~> 6.0)
    - "GoogleUtilities/NSData+zlib (~> 6.0)"
    - nanopb (~> 0.3)
  - GoogleUtilities/AppDelegateSwizzler (6.2.3):
    - GoogleUtilities/Environment
    - GoogleUtilities/Logger
    - GoogleUtilities/Network
  - GoogleUtilities/Environment (6.2.3)
  - GoogleUtilities/Logger (6.2.3):
    - GoogleUtilities/Environment
  - GoogleUtilities/MethodSwizzler (6.2.3):
    - GoogleUtilities/Logger
  - GoogleUtilities/Network (6.2.3):
    - GoogleUtilities/Logger
    - "GoogleUtilities/NSData+zlib"
    - GoogleUtilities/Reachability
  - "GoogleUtilities/NSData+zlib (6.2.3)"
  - GoogleUtilities/Reachability (6.2.3):
    - GoogleUtilities/Logger
  - GoogleUtilities/UserDefaults (6.2.3):
    - GoogleUtilities/Logger
  - iProgressHUD (1.1.1)
  - MagicMapper (1.0.2)
  - nanopb (0.3.901):
    - nanopb/decode (= 0.3.901)
    - nanopb/encode (= 0.3.901)
  - nanopb/decode (0.3.901)
  - nanopb/encode (0.3.901)
  - Protobuf (3.9.0)
  - SMRemote (1.0.1):
    - FBAudienceNetwork
    - Firebase/Analytics
    - Firebase/Core
    - Firebase/RemoteConfig
    - Google-Mobile-Ads-SDK
    - iProgressHUD
    - MagicMapper

DEPENDENCIES:
  - SMRemote (from `../`)

SPEC REPOS:
  https://github.com/cocoapods/specs.git:
    - FBAudienceNetwork
    - FBSDKCoreKit
    - Firebase
    - FirebaseABTesting
    - FirebaseAnalytics
    - FirebaseCore
    - FirebaseInstanceID
    - FirebaseRemoteConfig
    - Google-Mobile-Ads-SDK
    - GoogleAppMeasurement
    - GoogleUtilities
    - iProgressHUD
    - MagicMapper
    - nanopb
    - Protobuf

EXTERNAL SOURCES:
  SMRemote:
    :path: "../"

SPEC CHECKSUMS:
  FBAudienceNetwork: c1514860ed6d9ba9f97350f3fbb3ac49556f5e43
  FBSDKCoreKit: 5154c35d9058fd7dfa0445ba19e194c4b172fc32
  Firebase: dedc9e48ea3f3649ad5f6b982f8a0c73508a14b5
  FirebaseABTesting: a32c488eb75089a61eb3d86db061dfb909d765db
  FirebaseAnalytics: 3fb375bc9d13779add4039716f868d233a473fad
  FirebaseCore: aecf02fb2274ec361b9bebeac112f5daa18273bd
  FirebaseInstanceID: 662b8108a09fe9ed01aafdedba100fde8536b0f6
  FirebaseRemoteConfig: ed74d16d7e5b19e77a4c3e3eee4fe363039b0834
  Google-Mobile-Ads-SDK: a10b30f4a51a3283df7df3c9ea7e84553b508e4b
  GoogleAppMeasurement: 183bd916af7f80deb67c01888368f1108d641832
  GoogleUtilities: d2b0e277a95962e09bb27f5cd42f5f0b6a506c7d
  iProgressHUD: caa742128253c97f2c2e1ec59e2bbe6cf689df6a
  MagicMapper: 1909d0e15b7a3ef7faec2c5e30791eed0815e934
  nanopb: 2901f78ea1b7b4015c860c2fdd1ea2fee1a18d48
  Protobuf: 1097ca58584c8d9be81bfbf2c5ff5975648dd87a
  SMRemote: 9c055ede1d837b58b8f23347a3ab05fb19eec48c

PODFILE CHECKSUM: 1407c3602bd20d8886782062eebf2cfb50e2e414

COCOAPODS: 1.7.2
